{
  "name": "Portifolio",
  "version": "1.0.0",
  "lockfileVersion": 1,
  "requires": true,
  "dependencies": {
    "ityped": {
      "version": "1.0.3",
      "resolved": "https://registry.npmjs.org/ityped/-/ityped-1.0.3.tgz",
      "integrity": "sha512-46Qnh3qs+6EJlWDHmvWRW6qiz5jFy2mkh9UvtTvQmLJMZIjKrdz4du68le7hLX4tAWCp6QTKiq/OuLv6huHxZg=="
    }
  }
}
